
Microsoft Visual Studio Solution File, Format Version 12.00
# Visual Studio Version 17
VisualStudioVersion = 17.14.36203.30 d17.14
MinimumVisualStudioVersion = 10.0.40219.1
Project("{888888A0-9F3D-457C-B088-3A5042F75D52}") = "grip", "grip\grip.pyproj", "{2EAEFCBC-DBE2-4E05-A475-CB3602206763}"
EndProject
Global
	GlobalSection(SolutionConfigurationPlatforms) = preSolution
		Debug|Any CPU = Debug|Any CPU
		Release|Any CPU = Release|Any CPU
	EndGlobalSection
	GlobalSection(ProjectConfigurationPlatforms) = postSolution
		{2EAEFCBC-DBE2-4E05-A475-CB3602206763}.Debug|Any CPU.ActiveCfg = Debug|Any CPU
		{2EAEFCBC-DBE2-4E05-A475-CB3602206763}.Release|Any CPU.ActiveCfg = Release|Any CPU
	EndGlobalSection
	GlobalSection(SolutionProperties) = preSolution
		HideSolutionNode = FALSE
	EndGlobalSection
	GlobalSection(ExtensibilityGlobals) = postSolution
		SolutionGuid = {91293523-B0AF-4124-A1D4-B2E8CAD7D43F}
	EndGlobalSection
EndGlobal
