
Microsoft Visual Studio Solution File, Format Version 12.00
# Visual Studio Version 17
VisualStudioVersion = 17.14.36203.30 d17.14
MinimumVisualStudioVersion = 10.0.40219.1
Project("{888888A0-9F3D-457C-B088-3A5042F75D52}") = "diarythings", "diarythings\diarythings.pyproj", "{DB92A2B8-C608-4C2D-AD16-15E5FC4CE7C8}"
EndProject
Global
	GlobalSection(SolutionConfigurationPlatforms) = preSolution
		Debug|Any CPU = Debug|Any CPU
		Release|Any CPU = Release|Any CPU
	EndGlobalSection
	GlobalSection(ProjectConfigurationPlatforms) = postSolution
		{DB92A2B8-C608-4C2D-AD16-15E5FC4CE7C8}.Debug|Any CPU.ActiveCfg = Debug|Any CPU
		{DB92A2B8-C608-4C2D-AD16-15E5FC4CE7C8}.Release|Any CPU.ActiveCfg = Release|Any CPU
	EndGlobalSection
	GlobalSection(SolutionProperties) = preSolution
		HideSolutionNode = FALSE
	EndGlobalSection
	GlobalSection(ExtensibilityGlobals) = postSolution
		SolutionGuid = {B1944755-D498-4A2D-A7D3-EB808CA09F83}
	EndGlobalSection
EndGlobal
