
Microsoft Visual Studio Solution File, Format Version 12.00
# Visual Studio Version 17
VisualStudioVersion = 17.14.36203.30 d17.14
MinimumVisualStudioVersion = 10.0.40219.1
Project("{888888A0-9F3D-457C-B088-3A5042F75D52}") = "quartet", "quartet\quartet.pyproj", "{92A0765D-DA8C-4A9C-B2A9-67C115F7585E}"
EndProject
Global
	GlobalSection(SolutionConfigurationPlatforms) = preSolution
		Debug|Any CPU = Debug|Any CPU
		Release|Any CPU = Release|Any CPU
	EndGlobalSection
	GlobalSection(ProjectConfigurationPlatforms) = postSolution
		{92A0765D-DA8C-4A9C-B2A9-67C115F7585E}.Debug|Any CPU.ActiveCfg = Debug|Any CPU
		{92A0765D-DA8C-4A9C-B2A9-67C115F7585E}.Release|Any CPU.ActiveCfg = Release|Any CPU
	EndGlobalSection
	GlobalSection(SolutionProperties) = preSolution
		HideSolutionNode = FALSE
	EndGlobalSection
	GlobalSection(ExtensibilityGlobals) = postSolution
		SolutionGuid = {D921B1E6-969E-41BE-9606-832A7F5510B9}
	EndGlobalSection
EndGlobal
