
Microsoft Visual Studio Solution File, Format Version 12.00
# Visual Studio Version 17
VisualStudioVersion = 17.14.36203.30 d17.14
MinimumVisualStudioVersion = 10.0.40219.1
Project("{888888A0-9F3D-457C-B088-3A5042F75D52}") = "football player log", "football player log\football player log.pyproj", "{34FBA84E-6AEF-49B4-A3BC-008E598CA6D4}"
EndProject
Global
	GlobalSection(SolutionConfigurationPlatforms) = preSolution
		Debug|Any CPU = Debug|Any CPU
		Release|Any CPU = Release|Any CPU
	EndGlobalSection
	GlobalSection(ProjectConfigurationPlatforms) = postSolution
		{34FBA84E-6AEF-49B4-A3BC-008E598CA6D4}.Debug|Any CPU.ActiveCfg = Debug|Any CPU
		{34FBA84E-6AEF-49B4-A3BC-008E598CA6D4}.Release|Any CPU.ActiveCfg = Release|Any CPU
	EndGlobalSection
	GlobalSection(SolutionProperties) = preSolution
		HideSolutionNode = FALSE
	EndGlobalSection
	GlobalSection(ExtensibilityGlobals) = postSolution
		SolutionGuid = {70151AD6-50FC-4DA3-99E4-046D3ADBCB3C}
	EndGlobalSection
EndGlobal
